
Microsoft Visual Studio Solution File, Format Version 12.00
# Visual Studio Version 17
VisualStudioVersion = 17.10.35013.160
MinimumVisualStudioVersion = 10.0.40219.1
Project("{FAE04EC0-301F-11D3-BF4B-00C04F79EFBC}") = "CQRSAndMediatRDemo", "CQRSAndMediatRDemo\CQRSAndMediatRDemo.csproj", "{2297D3C6-626E-443A-99CD-9F8A9D0C2A7E}"
EndProject
Global
	GlobalSection(SolutionConfigurationPlatforms) = preSolution
		Debug|Any CPU = Debug|Any CPU
		Release|Any CPU = Release|Any CPU
	EndGlobalSection
	GlobalSection(ProjectConfigurationPlatforms) = postSolution
		{2297D3C6-626E-443A-99CD-9F8A9D0C2A7E}.Debug|Any CPU.ActiveCfg = Debug|Any CPU
		{2297D3C6-626E-443A-99CD-9F8A9D0C2A7E}.Debug|Any CPU.Build.0 = Debug|Any CPU
		{2297D3C6-626E-443A-99CD-9F8A9D0C2A7E}.Release|Any CPU.ActiveCfg = Release|Any CPU
		{2297D3C6-626E-443A-99CD-9F8A9D0C2A7E}.Release|Any CPU.Build.0 = Release|Any CPU
	EndGlobalSection
	GlobalSection(SolutionProperties) = preSolution
		HideSolutionNode = FALSE
	EndGlobalSection
	GlobalSection(ExtensibilityGlobals) = postSolution
		SolutionGuid = {D05588D6-8277-456C-83AE-25BF4F6FEE42}
	EndGlobalSection
EndGlobal
